
Microsoft Visual Studio Solution File, Format Version 12.00
# Visual Studio 2012
Project("{8BC9CEB8-8B4A-11D0-8D11-00A0C91BC942}") = "VoxelTerrain", "VoxelTerrain\VoxelTerrain.vcxproj", "{2FFD9869-1381-4E8A-9641-AE4600137A5E}"
EndProject
Global
	GlobalSection(SolutionConfigurationPlatforms) = preSolution
		Debug|Win32 = Debug|Win32
		Release|Win32 = Release|Win32
	EndGlobalSection
	GlobalSection(ProjectConfigurationPlatforms) = postSolution
		{2FFD9869-1381-4E8A-9641-AE4600137A5E}.Debug|Win32.ActiveCfg = Debug|Win32
		{2FFD9869-1381-4E8A-9641-AE4600137A5E}.Debug|Win32.Build.0 = Debug|Win32
		{2FFD9869-1381-4E8A-9641-AE4600137A5E}.Release|Win32.ActiveCfg = Release|Win32
		{2FFD9869-1381-4E8A-9641-AE4600137A5E}.Release|Win32.Build.0 = Release|Win32
	EndGlobalSection
	GlobalSection(SolutionProperties) = preSolution
		HideSolutionNode = FALSE
	EndGlobalSection
	GlobalSection(Performance) = preSolution
		HasPerformanceSessions = true
	EndGlobalSection
EndGlobal
